
Microsoft Visual Studio Solution File, Format Version 12.00
# Visual Studio Version 17
VisualStudioVersion = 17.5.33424.131
MinimumVisualStudioVersion = 10.0.40219.1
Project("{FAE04EC0-301F-11D3-BF4B-00C04F79EFBC}") = "HTML5", "HTML5\HTML5.csproj", "{884A5224-966D-4F9A-B643-3BC632B238E1}"
EndProject
Project("{FAE04EC0-301F-11D3-BF4B-00C04F79EFBC}") = "GradientPanel", "GradientPanel\GradientPanel.csproj", "{994B0002-62E8-4E24-B1C7-3DE379F1561F}"
EndProject
Global
	GlobalSection(SolutionConfigurationPlatforms) = preSolution
		Debug|Any CPU = Debug|Any CPU
		Release|Any CPU = Release|Any CPU
	EndGlobalSection
	GlobalSection(ProjectConfigurationPlatforms) = postSolution
		{884A5224-966D-4F9A-B643-3BC632B238E1}.Debug|Any CPU.ActiveCfg = Debug|Any CPU
		{884A5224-966D-4F9A-B643-3BC632B238E1}.Debug|Any CPU.Build.0 = Debug|Any CPU
		{884A5224-966D-4F9A-B643-3BC632B238E1}.Release|Any CPU.ActiveCfg = Release|Any CPU
		{884A5224-966D-4F9A-B643-3BC632B238E1}.Release|Any CPU.Build.0 = Release|Any CPU
		{994B0002-62E8-4E24-B1C7-3DE379F1561F}.Debug|Any CPU.ActiveCfg = Debug|Any CPU
		{994B0002-62E8-4E24-B1C7-3DE379F1561F}.Debug|Any CPU.Build.0 = Debug|Any CPU
		{994B0002-62E8-4E24-B1C7-3DE379F1561F}.Release|Any CPU.ActiveCfg = Release|Any CPU
		{994B0002-62E8-4E24-B1C7-3DE379F1561F}.Release|Any CPU.Build.0 = Release|Any CPU
	EndGlobalSection
	GlobalSection(SolutionProperties) = preSolution
		HideSolutionNode = FALSE
	EndGlobalSection
	GlobalSection(ExtensibilityGlobals) = postSolution
		SolutionGuid = {3D27C5DD-A605-4857-A511-87F89EE2B4CF}
	EndGlobalSection
EndGlobal
